// !$*UTF8*$!
{
	archiveVersion = 1;
	classes = {
	};
	objectVersion = 46;
	objects = {

/* Begin PBXBuildFile section */
		D2063FC21F89CB810064497F /* AppDelegate.swift in Sources */ = {isa = PBXBuildFile; fileRef = D2063FC11F89CB810064497F /* AppDelegate.swift */; };
		D2063FC41F89CB810064497F /* ViewController.swift in Sources */ = {isa = PBXBuildFile; fileRef = D2063FC31F89CB810064497F /* ViewController.swift */; };
		D2063FC71F89CB810064497F /* Main.storyboard in Resources */ = {isa = PBXBuildFile; fileRef = D2063FC51F89CB810064497F /* Main.storyboard */; };
		D2063FC91F89CB810064497F /* Assets.xcassets in Resources */ = {isa = PBXBuildFile; fileRef = D2063FC81F89CB810064497F /* Assets.xcassets */; };
		D2063FCC1F89CB810064497F /* LaunchScreen.storyboard in Resources */ = {isa = PBXBuildFile; fileRef = D2063FCA1F89CB810064497F /* LaunchScreen.storyboard */; };
/* End PBXBuildFile section */

/* Begin PBXFileReference section */
		D2063FBE1F89CB810064497F /* Laus.app */ = {isa = PBXFileReference; explicitFileType = wrapper.application; includeInIndex = 0; path = Laus.app; sourceTree = BUILT_PRODUCTS_DIR; };
		D2063FC11F89CB810064497F /* AppDelegate.swift */ = {isa = PBXFileReference; lastKnownFileType = sourcecode.swift; path = AppDelegate.swift; sourceTree = "<group>"; };
		D2063FC31F89CB810064497F /* ViewController.swift */ = {isa = PBXFileReference; lastKnownFileType = sourcecode.swift; path = ViewController.swift; sourceTree = "<group>"; };
		D2063FC61F89CB810064497F /* Base */ = {isa = PBXFileReference; lastKnownFileType = file.storyboard; name = Base; path = Base.lproj/Main.storyboard; sourceTree = "<group>"; };
		D2063FC81F89CB810064497F /* Assets.xcassets */ = {isa = PBXFileReference; lastKnownFileType = folder.assetcatalog; path = Assets.xcassets; sourceTree = "<group>"; };
		D2063FCB1F89CB810064497F /* Base */ = {isa = PBXFileReference; lastKnownFileType = file.storyboard; name = Base; path = Base.lproj/LaunchScreen.storyboard; sourceTree = "<group>"; };
		D2063FCD1F89CB810064497F /* Info.plist */ = {isa = PBXFileReference; lastKnownFileType = text.plist.xml; path = Info.plist; sourceTree = "<group>"; };
/* End PBXFileReference section */

/* Begin PBXFrameworksBuildPhase section */
		D2063FBB1F89CB810064497F /* Frameworks */ = {
			isa = PBXFrameworksBuildPhase;
			buildActionMask = 2147483647;
			files = (
			);
			runOnlyForDeploymentPostprocessing = 0;
		};
/* End PBXFrameworksBuildPhase section */

/* Begin PBXGroup section */
		D2063FB51F89CB810064497F = {
			isa = PBXGroup;
			children = (
				D2063FC01F89CB810064497F /* Laus */,
				D2063FBF1F89CB810064497F /* Products */,
			);
			sourceTree = "<group>";
		};
		D2063FBF1F89CB810064497F /* Products */ = {
			isa = PBXGroup;
			children = (
				D2063FBE1F89CB810064497F /* Laus.app */,
			);
			name = Products;
			sourceTree = "<group>";
		};
		D2063FC01F89CB810064497F /* Laus */ = {
			isa = PBXGroup;
			children = (
				D2063FC11F89CB810064497F /* AppDelegate.swift */,
				D2063FC31F89CB810064497F /* ViewController.swift */,
				D2063FC51F89CB810064497F /* Main.storyboard */,
				D2063FC81F89CB810064497F /* Assets.xcassets */,
				D2063FCA1F89CB810064497F /* LaunchScreen.storyboard */,
				D2063FCD1F89CB810064497F /* Info.plist */,
			);
			path = Laus;
			sourceTree = "<group>";
		};
/* End PBXGroup section */

/* Begin PBXNativeTarget section */
		D2063FBD1F89CB810064497F /* Laus */ = {
			isa = PBXNativeTarget;
			buildConfigurationList = D2063FD01F89CB810064497F /* Build configuration list for PBXNativeTarget "Laus" */;
			buildPhases = (
				D2063FBA1F89CB810064497F /* Sources */,
				D2063FBB1F89CB810064497F /* Frameworks */,
				D2063FBC1F89CB810064497F /* Resources */,
			);
			buildRules = (
			);
			dependencies = (
			);
			name = Laus;
			productName = Laus;
			productReference = D2063FBE1F89CB810064497F /* Laus.app */;
			productType = "com.apple.product-type.application";
		};
/* End PBXNativeTarget section */

/* Begin PBXProject section */
		D2063FB61F89CB810064497F /* Project object */ = {
			isa = PBXProject;
			attributes = {
				LastSwiftUpdateCheck = 0830;
				LastUpgradeCheck = 0830;
				ORGANIZATIONNAME = ErmanMaris;
				TargetAttributes = {
					D2063FBD1F89CB810064497F = {
						CreatedOnToolsVersion = 8.3.3;
						DevelopmentTeam = X5NHG8EC8E;
						ProvisioningStyle = Automatic;
					};
				};
			};
			buildConfigurationList = D2063FB91F89CB810064497F /* Build configuration list for PBXProject "Laus" */;
			compatibilityVersion = "Xcode 3.2";
			developmentRegion = English;
			hasScannedForEncodings = 0;
			knownRegions = (
				en,
				Base,
			);
			mainGroup = D2063FB51F89CB810064497F;
			productRefGroup = D2063FBF1F89CB810064497F /* Products */;
			projectDirPath = "";
			projectRoot = "";
			targets = (
				D2063FBD1F89CB810064497F /* Laus */,
			);
		};
/* End PBXProject section */

/* Begin PBXResourcesBuildPhase section */
		D2063FBC1F89CB810064497F /* Resources */ = {
			isa = PBXResourcesBuildPhase;
			buildActionMask = 2147483647;
			files = (
				D2063FCC1F89CB810064497F /* LaunchScreen.storyboard in Resources */,
				D2063FC91F89CB810064497F /* Assets.xcassets in Resources */,
				D2063FC71F89CB810064497F /* Main.storyboard in Resources */,
			);
			runOnlyForDeploymentPostprocessing = 0;
		};
/* End PBXResourcesBuildPhase section */

/* Begin PBXSourcesBuildPhase section */
		D2063FBA1F89CB810064497F /* Sources */ = {
			isa = PBXSourcesBuildPhase;
			buildActionMask = 2147483647;
			files = (
				D2063FC41F89CB810064497F /* ViewController.swift in Sources */,
				D2063FC21F89CB810064497F /* AppDelegate.swift in Sources */,
			);
			runOnlyForDeploymentPostprocessing = 0;
		};
/* End PBXSourcesBuildPhase section */

/* Begin PBXVariantGroup section */
		D2063FC51F89CB810064497F /* Main.storyboard */ = {
			isa = PBXVariantGroup;
			children = (
				D2063FC61F89CB810064497F /* Base */,
			);
			name = Main.storyboard;
			sourceTree = "<group>";
		};
		D2063FCA1F89CB810064497F /* LaunchScreen.storyboard */ = {
			isa = PBXVariantGroup;
			children = (
				D2063FCB1F89CB810064497F /* Base */,
			);
			name = LaunchScreen.storyboard;
			sourceTree = "<group>";
		};
/* End PBXVariantGroup section */

/* Begin XCBuildConfiguration section */
		D2063FCE1F89CB810064497F /* Debug */ = {
			isa = XCBuildConfiguration;
			buildSettings = {
				ALWAYS_SEARCH_USER_PATHS = NO;
				CLANG_ANALYZER_NONNULL = YES;
				CLANG_ANALYZER_NUMBER_OBJECT_CONVERSION = YES_AGGRESSIVE;
				CLANG_CXX_LANGUAGE_STANDARD = "gnu++0x";
				CLANG_CXX_LIBRARY = "libc++";
				CLANG_ENABLE_MODULES = YES;
				CLANG_ENABLE_OBJC_ARC = YES;
				CLANG_WARN_BOOL_CONVERSION = YES;
				CLANG_WARN_CONSTANT_CONVERSION = YES;
				CLANG_WARN_DIRECT_OBJC_ISA_USAGE = YES_ERROR;
				CLANG_WARN_DOCUMENTATION_COMMENTS = YES;
				CLANG_WARN_EMPTY_BODY = YES;
				CLANG_WARN_ENUM_CONVERSION = YES;
				CLANG_WARN_INFINITE_RECURSION = YES;
				CLANG_WARN_INT_CONVERSION = YES;
				CLANG_WARN_OBJC_ROOT_CLASS = YES_ERROR;
				CLANG_WARN_SUSPICIOUS_MOVE = YES;
				CLANG_WARN_UNREACHABLE_CODE = YES;
				CLANG_WARN__DUPLICATE_METHOD_MATCH = YES;
				"CODE_SIGN_IDENTITY[sdk=iphoneos*]" = "iPhone Developer";
				COPY_PHASE_STRIP = NO;
				DEBUG_INFORMATION_FORMAT = dwarf;
				ENABLE_STRICT_OBJC_MSGSEND = YES;
				ENABLE_TESTABILITY = YES;
				GCC_C_LANGUAGE_STANDARD = gnu99;
				GCC_DYNAMIC_NO_PIC = NO;
				GCC_NO_COMMON_BLOCKS = YES;
				GCC_OPTIMIZATION_LEVEL = 0;
				GCC_PREPROCESSOR_DEFINITIONS = (
					"DEBUG=1",
					"$(inherited)",
				);
				GCC_WARN_64_TO_32_BIT_CONVERSION = YES;
				GCC_WARN_ABOUT_RETURN_TYPE = YES_ERROR;
				GCC_WARN_UNDECLARED_SELECTOR = YES;
				GCC_WARN_UNINITIALIZED_AUTOS = YES_AGGRESSIVE;
				GCC_WARN_UNUSED_FUNCTION = YES;
				GCC_WARN_UNUSED_VARIABLE = YES;
				IPHONEOS_DEPLOYMENT_TARGET = 10.3;
				MTL_ENABLE_DEBUG_INFO = YES;
				ONLY_ACTIVE_ARCH = YES;
				SDKROOT = iphoneos;
				SWIFT_ACTIVE_COMPILATION_CONDITIONS = DEBUG;
				SWIFT_OPTIMIZATION_LEVEL = "-Onone";
			};
			name = Debug;
		};
		D2063FCF1F89CB810064497F /* Release */ = {
			isa = XCBuildConfiguration;
			buildSettings = {
				ALWAYS_SEARCH_USER_PATHS = NO;
				CLANG_ANALYZER_NONNULL = YES;
				CLANG_ANALYZER_NUMBER_OBJECT_CONVERSION = YES_AGGRESSIVE;
				CLANG_CXX_LANGUAGE_STANDARD = "gnu++0x";
				CLANG_CXX_LIBRARY = "libc++";
				CLANG_ENABLE_MODULES = YES;
				CLANG_ENABLE_OBJC_ARC = YES;
				CLANG_WARN_BOOL_CONVERSION = YES;
				CLANG_WARN_CONSTANT_CONVERSION = YES;
				CLANG_WARN_DIRECT_OBJC_ISA_USAGE = YES_ERROR;
				CLANG_WARN_DOCUMENTATION_COMMENTS = YES;
				CLANG_WARN_EMPTY_BODY = YES;
				CLANG_WARN_ENUM_CONVERSION = YES;
				CLANG_WARN_INFINITE_RECURSION = YES;
				CLANG_WARN_INT_CONVERSION = YES;
				CLANG_WARN_OBJC_ROOT_CLASS = YES_ERROR;
				CLANG_WARN_SUSPICIOUS_MOVE = YES;
				CLANG_WARN_UNREACHABLE_CODE = YES;
				CLANG_WARN__DUPLICATE_METHOD_MATCH = YES;
				"CODE_SIGN_IDENTITY[sdk=iphoneos*]" = "iPhone Developer";
				COPY_PHASE_STRIP = NO;
				DEBUG_INFORMATION_FORMAT = "dwarf-with-dsym";
				ENABLE_NS_ASSERTIONS = NO;
				ENABLE_STRICT_OBJC_MSGSEND = YES;
				GCC_C_LANGUAGE_STANDARD = gnu99;
				GCC_NO_COMMON_BLOCKS = YES;
				GCC_WARN_64_TO_32_BIT_CONVERSION = YES;
				GCC_WARN_ABOUT_RETURN_TYPE = YES_ERROR;
				GCC_WARN_UNDECLARED_SELECTOR = YES;
				GCC_WARN_UNINITIALIZED_AUTOS = YES_AGGRESSIVE;
				GCC_WARN_UNUSED_FUNCTION = YES;
				GCC_WARN_UNUSED_VARIABLE = YES;
				IPHONEOS_DEPLOYMENT_TARGET = 10.3;
				MTL_ENABLE_DEBUG_INFO = NO;
				SDKROOT = iphoneos;
				SWIFT_OPTIMIZATION_LEVEL = "-Owholemodule";
				VALIDATE_PRODUCT = YES;
			};
			name = Release;
		};
		D2063FD11F89CB810064497F /* Debug */ = {
			isa = XCBuildConfiguration;
			buildSettings = {
				ASSETCATALOG_COMPILER_APPICON_NAME = AppIcon;
				DEVELOPMENT_TEAM = X5NHG8EC8E;
				INFOPLIST_FILE = Laus/Info.plist;
				LD_RUNPATH_SEARCH_PATHS = "$(inherited) @executable_path/Frameworks";
				PRODUCT_BUNDLE_IDENTIFIER = com.mariserman.Laus;
				PRODUCT_NAME = "$(TARGET_NAME)";
				SWIFT_VERSION = 3.0;
			};
			name = Debug;
		};
		D2063FD21F89CB810064497F /* Release */ = {
			isa = XCBuildConfiguration;
			buildSettings = {
				ASSETCATALOG_COMPILER_APPICON_NAME = AppIcon;
				DEVELOPMENT_TEAM = X5NHG8EC8E;
				INFOPLIST_FILE = Laus/Info.plist;
				LD_RUNPATH_SEARCH_PATHS = "$(inherited) @executable_path/Frameworks";
				PRODUCT_BUNDLE_IDENTIFIER = com.mariserman.Laus;
				PRODUCT_NAME = "$(TARGET_NAME)";
				SWIFT_VERSION = 3.0;
			};
			name = Release;
		};
/* End XCBuildConfiguration section */

/* Begin XCConfigurationList section */
		D2063FB91F89CB810064497F /* Build configuration list for PBXProject "Laus" */ = {
			isa = XCConfigurationList;
			buildConfigurations = (
				D2063FCE1F89CB810064497F /* Debug */,
				D2063FCF1F89CB810064497F /* Release */,
			);
			defaultConfigurationIsVisible = 0;
			defaultConfigurationName = Release;
		};
		D2063FD01F89CB810064497F /* Build configuration list for PBXNativeTarget "Laus" */ = {
			isa = XCConfigurationList;
			buildConfigurations = (
				D2063FD11F89CB810064497F /* Debug */,
				D2063FD21F89CB810064497F /* Release */,
			);
			defaultConfigurationIsVisible = 0;
		};
/* End XCConfigurationList section */
	};
	rootObject = D2063FB61F89CB810064497F /* Project object */;
}
